// !$*UTF8*$!
{
	archiveVersion = 1;
	classes = {
	};
	objectVersion = 46;
	objects = {

/* Begin PBXBuildFile section */
		04E57D721E9B177800D1B05C /* main.m in Sources */ = {isa = PBXBuildFile; fileRef = 04E57D711E9B177800D1B05C /* main.m */; };
		04E57D751E9B177800D1B05C /* AppDelegate.m in Sources */ = {isa = PBXBuildFile; fileRef = 04E57D741E9B177800D1B05C /* AppDelegate.m */; };
		04E57D781E9B177800D1B05C /* ViewController.m in Sources */ = {isa = PBXBuildFile; fileRef = 04E57D771E9B177800D1B05C /* ViewController.m */; };
		04E57D7B1E9B177800D1B05C /* Main.storyboard in Resources */ = {isa = PBXBuildFile; fileRef = 04E57D791E9B177800D1B05C /* Main.storyboard */; };
		04E57D7D1E9B177800D1B05C /* Assets.xcassets in Resources */ = {isa = PBXBuildFile; fileRef = 04E57D7C1E9B177800D1B05C /* Assets.xcassets */; };
		04E57D801E9B177800D1B05C /* LaunchScreen.storyboard in Resources */ = {isa = PBXBuildFile; fileRef = 04E57D7E1E9B177800D1B05C /* LaunchScreen.storyboard */; };
		04E57D891E9B17A300D1B05C /* HealthKit.framework in Frameworks */ = {isa = PBXBuildFile; fileRef = 04E57D881E9B17A300D1B05C /* HealthKit.framework */; };
/* End PBXBuildFile section */

/* Begin PBXFileReference section */
		04E57D6D1E9B177800D1B05C /* healthTest.app */ = {isa = PBXFileReference; explicitFileType = wrapper.application; includeInIndex = 0; path = healthTest.app; sourceTree = BUILT_PRODUCTS_DIR; };
		04E57D711E9B177800D1B05C /* main.m */ = {isa = PBXFileReference; lastKnownFileType = sourcecode.c.objc; path = main.m; sourceTree = "<group>"; };
		04E57D731E9B177800D1B05C /* AppDelegate.h */ = {isa = PBXFileReference; lastKnownFileType = sourcecode.c.h; path = AppDelegate.h; sourceTree = "<group>"; };
		04E57D741E9B177800D1B05C /* AppDelegate.m */ = {isa = PBXFileReference; lastKnownFileType = sourcecode.c.objc; path = AppDelegate.m; sourceTree = "<group>"; };
		04E57D761E9B177800D1B05C /* ViewController.h */ = {isa = PBXFileReference; lastKnownFileType = sourcecode.c.h; path = ViewController.h; sourceTree = "<group>"; };
		04E57D771E9B177800D1B05C /* ViewController.m */ = {isa = PBXFileReference; lastKnownFileType = sourcecode.c.objc; path = ViewController.m; sourceTree = "<group>"; };
		04E57D7A1E9B177800D1B05C /* Base */ = {isa = PBXFileReference; lastKnownFileType = file.storyboard; name = Base; path = Base.lproj/Main.storyboard; sourceTree = "<group>"; };
		04E57D7C1E9B177800D1B05C /* Assets.xcassets */ = {isa = PBXFileReference; lastKnownFileType = folder.assetcatalog; path = Assets.xcassets; sourceTree = "<group>"; };
		04E57D7F1E9B177800D1B05C /* Base */ = {isa = PBXFileReference; lastKnownFileType = file.storyboard; name = Base; path = Base.lproj/LaunchScreen.storyboard; sourceTree = "<group>"; };
		04E57D811E9B177800D1B05C /* Info.plist */ = {isa = PBXFileReference; lastKnownFileType = text.plist.xml; path = Info.plist; sourceTree = "<group>"; };
		04E57D881E9B17A300D1B05C /* HealthKit.framework */ = {isa = PBXFileReference; lastKnownFileType = wrapper.framework; name = HealthKit.framework; path = System/Library/Frameworks/HealthKit.framework; sourceTree = SDKROOT; };
		04E57D8A1E9B17A300D1B05C /* healthTest.entitlements */ = {isa = PBXFileReference; lastKnownFileType = text.plist.entitlements; path = healthTest.entitlements; sourceTree = "<group>"; };
/* End PBXFileReference section */

/* Begin PBXFrameworksBuildPhase section */
		04E57D6A1E9B177800D1B05C /* Frameworks */ = {
			isa = PBXFrameworksBuildPhase;
			buildActionMask = 2147483647;
			files = (
				04E57D891E9B17A300D1B05C /* HealthKit.framework in Frameworks */,
			);
			runOnlyForDeploymentPostprocessing = 0;
		};
/* End PBXFrameworksBuildPhase section */

/* Begin PBXGroup section */
		04E57D641E9B177700D1B05C = {
			isa = PBXGroup;
			children = (
				04E57D6F1E9B177800D1B05C /* healthTest */,
				04E57D6E1E9B177800D1B05C /* Products */,
				04E57D871E9B17A300D1B05C /* Frameworks */,
			);
			sourceTree = "<group>";
		};
		04E57D6E1E9B177800D1B05C /* Products */ = {
			isa = PBXGroup;
			children = (
				04E57D6D1E9B177800D1B05C /* healthTest.app */,
			);
			name = Products;
			sourceTree = "<group>";
		};
		04E57D6F1E9B177800D1B05C /* healthTest */ = {
			isa = PBXGroup;
			children = (
				04E57D8A1E9B17A300D1B05C /* healthTest.entitlements */,
				04E57D731E9B177800D1B05C /* AppDelegate.h */,
				04E57D741E9B177800D1B05C /* AppDelegate.m */,
				04E57D761E9B177800D1B05C /* ViewController.h */,
				04E57D771E9B177800D1B05C /* ViewController.m */,
				04E57D791E9B177800D1B05C /* Main.storyboard */,
				04E57D7C1E9B177800D1B05C /* Assets.xcassets */,
				04E57D7E1E9B177800D1B05C /* LaunchScreen.storyboard */,
				04E57D811E9B177800D1B05C /* Info.plist */,
				04E57D701E9B177800D1B05C /* Supporting Files */,
			);
			path = healthTest;
			sourceTree = "<group>";
		};
		04E57D701E9B177800D1B05C /* Supporting Files */ = {
			isa = PBXGroup;
			children = (
				04E57D711E9B177800D1B05C /* main.m */,
			);
			name = "Supporting Files";
			sourceTree = "<group>";
		};
		04E57D871E9B17A300D1B05C /* Frameworks */ = {
			isa = PBXGroup;
			children = (
				04E57D881E9B17A300D1B05C /* HealthKit.framework */,
			);
			name = Frameworks;
			sourceTree = "<group>";
		};
/* End PBXGroup section */

/* Begin PBXNativeTarget section */
		04E57D6C1E9B177800D1B05C /* healthTest */ = {
			isa = PBXNativeTarget;
			buildConfigurationList = 04E57D841E9B177800D1B05C /* Build configuration list for PBXNativeTarget "healthTest" */;
			buildPhases = (
				04E57D691E9B177800D1B05C /* Sources */,
				04E57D6A1E9B177800D1B05C /* Frameworks */,
				04E57D6B1E9B177800D1B05C /* Resources */,
			);
			buildRules = (
			);
			dependencies = (
			);
			name = healthTest;
			productName = healthTest;
			productReference = 04E57D6D1E9B177800D1B05C /* healthTest.app */;
			productType = "com.apple.product-type.application";
		};
/* End PBXNativeTarget section */

/* Begin PBXProject section */
		04E57D651E9B177700D1B05C /* Project object */ = {
			isa = PBXProject;
			attributes = {
				LastUpgradeCheck = 0820;
				ORGANIZATIONNAME = mac;
				TargetAttributes = {
					04E57D6C1E9B177800D1B05C = {
						CreatedOnToolsVersion = 8.2.1;
						DevelopmentTeam = B3R5RSW6TE;
						ProvisioningStyle = Automatic;
						SystemCapabilities = {
							com.apple.HealthKit = {
								enabled = 1;
							};
						};
					};
				};
			};
			buildConfigurationList = 04E57D681E9B177700D1B05C /* Build configuration list for PBXProject "healthTest" */;
			compatibilityVersion = "Xcode 3.2";
			developmentRegion = English;
			hasScannedForEncodings = 0;
			knownRegions = (
				en,
				Base,
			);
			mainGroup = 04E57D641E9B177700D1B05C;
			productRefGroup = 04E57D6E1E9B177800D1B05C /* Products */;
			projectDirPath = "";
			projectRoot = "";
			targets = (
				04E57D6C1E9B177800D1B05C /* healthTest */,
			);
		};
/* End PBXProject section */

/* Begin PBXResourcesBuildPhase section */
		04E57D6B1E9B177800D1B05C /* Resources */ = {
			isa = PBXResourcesBuildPhase;
			buildActionMask = 2147483647;
			files = (
				04E57D801E9B177800D1B05C /* LaunchScreen.storyboard in Resources */,
				04E57D7D1E9B177800D1B05C /* Assets.xcassets in Resources */,
				04E57D7B1E9B177800D1B05C /* Main.storyboard in Resources */,
			);
			runOnlyForDeploymentPostprocessing = 0;
		};
/* End PBXResourcesBuildPhase section */

/* Begin PBXSourcesBuildPhase section */
		04E57D691E9B177800D1B05C /* Sources */ = {
			isa = PBXSourcesBuildPhase;
			buildActionMask = 2147483647;
			files = (
				04E57D781E9B177800D1B05C /* ViewController.m in Sources */,
				04E57D751E9B177800D1B05C /* AppDelegate.m in Sources */,
				04E57D721E9B177800D1B05C /* main.m in Sources */,
			);
			runOnlyForDeploymentPostprocessing = 0;
		};
/* End PBXSourcesBuildPhase section */

/* Begin PBXVariantGroup section */
		04E57D791E9B177800D1B05C /* Main.storyboard */ = {
			isa = PBXVariantGroup;
			children = (
				04E57D7A1E9B177800D1B05C /* Base */,
			);
			name = Main.storyboard;
			sourceTree = "<group>";
		};
		04E57D7E1E9B177800D1B05C /* LaunchScreen.storyboard */ = {
			isa = PBXVariantGroup;
			children = (
				04E57D7F1E9B177800D1B05C /* Base */,
			);
			name = LaunchScreen.storyboard;
			sourceTree = "<group>";
		};
/* End PBXVariantGroup section */

/* Begin XCBuildConfiguration section */
		04E57D821E9B177800D1B05C /* Debug */ = {
			isa = XCBuildConfiguration;
			buildSettings = {
				ALWAYS_SEARCH_USER_PATHS = NO;
				CLANG_ANALYZER_NONNULL = YES;
				CLANG_CXX_LANGUAGE_STANDARD = "gnu++0x";
				CLANG_CXX_LIBRARY = "libc++";
				CLANG_ENABLE_MODULES = YES;
				CLANG_ENABLE_OBJC_ARC = YES;
				CLANG_WARN_BOOL_CONVERSION = YES;
				CLANG_WARN_CONSTANT_CONVERSION = YES;
				CLANG_WARN_DIRECT_OBJC_ISA_USAGE = YES_ERROR;
				CLANG_WARN_DOCUMENTATION_COMMENTS = YES;
				CLANG_WARN_EMPTY_BODY = YES;
				CLANG_WARN_ENUM_CONVERSION = YES;
				CLANG_WARN_INFINITE_RECURSION = YES;
				CLANG_WARN_INT_CONVERSION = YES;
				CLANG_WARN_OBJC_ROOT_CLASS = YES_ERROR;
				CLANG_WARN_SUSPICIOUS_MOVE = YES;
				CLANG_WARN_UNREACHABLE_CODE = YES;
				CLANG_WARN__DUPLICATE_METHOD_MATCH = YES;
				"CODE_SIGN_IDENTITY[sdk=iphoneos*]" = "iPhone Developer";
				COPY_PHASE_STRIP = NO;
				DEBUG_INFORMATION_FORMAT = dwarf;
				ENABLE_STRICT_OBJC_MSGSEND = YES;
				ENABLE_TESTABILITY = YES;
				GCC_C_LANGUAGE_STANDARD = gnu99;
				GCC_DYNAMIC_NO_PIC = NO;
				GCC_NO_COMMON_BLOCKS = YES;
				GCC_OPTIMIZATION_LEVEL = 0;
				GCC_PREPROCESSOR_DEFINITIONS = (
					"DEBUG=1",
					"$(inherited)",
				);
				GCC_WARN_64_TO_32_BIT_CONVERSION = YES;
				GCC_WARN_ABOUT_RETURN_TYPE = YES_ERROR;
				GCC_WARN_UNDECLARED_SELECTOR = YES;
				GCC_WARN_UNINITIALIZED_AUTOS = YES_AGGRESSIVE;
				GCC_WARN_UNUSED_FUNCTION = YES;
				GCC_WARN_UNUSED_VARIABLE = YES;
				IPHONEOS_DEPLOYMENT_TARGET = 10.2;
				MTL_ENABLE_DEBUG_INFO = YES;
				ONLY_ACTIVE_ARCH = YES;
				SDKROOT = iphoneos;
			};
			name = Debug;
		};
		04E57D831E9B177800D1B05C /* Release */ = {
			isa = XCBuildConfiguration;
			buildSettings = {
				ALWAYS_SEARCH_USER_PATHS = NO;
				CLANG_ANALYZER_NONNULL = YES;
				CLANG_CXX_LANGUAGE_STANDARD = "gnu++0x";
				CLANG_CXX_LIBRARY = "libc++";
				CLANG_ENABLE_MODULES = YES;
				CLANG_ENABLE_OBJC_ARC = YES;
				CLANG_WARN_BOOL_CONVERSION = YES;
				CLANG_WARN_CONSTANT_CONVERSION = YES;
				CLANG_WARN_DIRECT_OBJC_ISA_USAGE = YES_ERROR;
				CLANG_WARN_DOCUMENTATION_COMMENTS = YES;
				CLANG_WARN_EMPTY_BODY = YES;
				CLANG_WARN_ENUM_CONVERSION = YES;
				CLANG_WARN_INFINITE_RECURSION = YES;
				CLANG_WARN_INT_CONVERSION = YES;
				CLANG_WARN_OBJC_ROOT_CLASS = YES_ERROR;
				CLANG_WARN_SUSPICIOUS_MOVE = YES;
				CLANG_WARN_UNREACHABLE_CODE = YES;
				CLANG_WARN__DUPLICATE_METHOD_MATCH = YES;
				"CODE_SIGN_IDENTITY[sdk=iphoneos*]" = "iPhone Developer";
				COPY_PHASE_STRIP = NO;
				DEBUG_INFORMATION_FORMAT = "dwarf-with-dsym";
				ENABLE_NS_ASSERTIONS = NO;
				ENABLE_STRICT_OBJC_MSGSEND = YES;
				GCC_C_LANGUAGE_STANDARD = gnu99;
				GCC_NO_COMMON_BLOCKS = YES;
				GCC_WARN_64_TO_32_BIT_CONVERSION = YES;
				GCC_WARN_ABOUT_RETURN_TYPE = YES_ERROR;
				GCC_WARN_UNDECLARED_SELECTOR = YES;
				GCC_WARN_UNINITIALIZED_AUTOS = YES_AGGRESSIVE;
				GCC_WARN_UNUSED_FUNCTION = YES;
				GCC_WARN_UNUSED_VARIABLE = YES;
				IPHONEOS_DEPLOYMENT_TARGET = 10.2;
				MTL_ENABLE_DEBUG_INFO = NO;
				SDKROOT = iphoneos;
				VALIDATE_PRODUCT = YES;
			};
			name = Release;
		};
		04E57D851E9B177800D1B05C /* Debug */ = {
			isa = XCBuildConfiguration;
			buildSettings = {
				ASSETCATALOG_COMPILER_APPICON_NAME = AppIcon;
				CODE_SIGN_ENTITLEMENTS = healthTest/healthTest.entitlements;
				"CODE_SIGN_IDENTITY[sdk=iphoneos*]" = "iPhone Developer";
				DEVELOPMENT_TEAM = B3R5RSW6TE;
				INFOPLIST_FILE = healthTest/Info.plist;
				IPHONEOS_DEPLOYMENT_TARGET = 8.0;
				LD_RUNPATH_SEARCH_PATHS = "$(inherited) @executable_path/Frameworks";
				PRODUCT_BUNDLE_IDENTIFIER = com.znb.Health;
				PRODUCT_NAME = "$(TARGET_NAME)";
			};
			name = Debug;
		};
		04E57D861E9B177800D1B05C /* Release */ = {
			isa = XCBuildConfiguration;
			buildSettings = {
				ASSETCATALOG_COMPILER_APPICON_NAME = AppIcon;
				CODE_SIGN_ENTITLEMENTS = healthTest/healthTest.entitlements;
				"CODE_SIGN_IDENTITY[sdk=iphoneos*]" = "iPhone Developer";
				DEVELOPMENT_TEAM = B3R5RSW6TE;
				INFOPLIST_FILE = healthTest/Info.plist;
				IPHONEOS_DEPLOYMENT_TARGET = 8.0;
				LD_RUNPATH_SEARCH_PATHS = "$(inherited) @executable_path/Frameworks";
				PRODUCT_BUNDLE_IDENTIFIER = com.znb.Health;
				PRODUCT_NAME = "$(TARGET_NAME)";
			};
			name = Release;
		};
/* End XCBuildConfiguration section */

/* Begin XCConfigurationList section */
		04E57D681E9B177700D1B05C /* Build configuration list for PBXProject "healthTest" */ = {
			isa = XCConfigurationList;
			buildConfigurations = (
				04E57D821E9B177800D1B05C /* Debug */,
				04E57D831E9B177800D1B05C /* Release */,
			);
			defaultConfigurationIsVisible = 0;
			defaultConfigurationName = Release;
		};
		04E57D841E9B177800D1B05C /* Build configuration list for PBXNativeTarget "healthTest" */ = {
			isa = XCConfigurationList;
			buildConfigurations = (
				04E57D851E9B177800D1B05C /* Debug */,
				04E57D861E9B177800D1B05C /* Release */,
			);
			defaultConfigurationIsVisible = 0;
			defaultConfigurationName = Release;
		};
/* End XCConfigurationList section */
	};
	rootObject = 04E57D651E9B177700D1B05C /* Project object */;
}
